
Microsoft Visual Studio Solution File, Format Version 12.00
# Visual Studio 15
VisualStudioVersion = 15.0.28307.438
MinimumVisualStudioVersion = 10.0.40219.1
Project("{FAE04EC0-301F-11D3-BF4B-00C04F79EFBC}") = "github", "github\github.csproj", "{FA3FFA6A-5008-4AD5-9F5E-08A23E0E4484}"
EndProject
Global
	GlobalSection(SolutionConfigurationPlatforms) = preSolution
		Debug|Any CPU = Debug|Any CPU
		Release|Any CPU = Release|Any CPU
	EndGlobalSection
	GlobalSection(ProjectConfigurationPlatforms) = postSolution
		{FA3FFA6A-5008-4AD5-9F5E-08A23E0E4484}.Debug|Any CPU.ActiveCfg = Debug|Any CPU
		{FA3FFA6A-5008-4AD5-9F5E-08A23E0E4484}.Debug|Any CPU.Build.0 = Debug|Any CPU
		{FA3FFA6A-5008-4AD5-9F5E-08A23E0E4484}.Release|Any CPU.ActiveCfg = Release|Any CPU
		{FA3FFA6A-5008-4AD5-9F5E-08A23E0E4484}.Release|Any CPU.Build.0 = Release|Any CPU
	EndGlobalSection
	GlobalSection(SolutionProperties) = preSolution
		HideSolutionNode = FALSE
	EndGlobalSection
	GlobalSection(ExtensibilityGlobals) = postSolution
		SolutionGuid = {20368DC5-76FC-45DC-AD10-0EBAA671B25C}
	EndGlobalSection
EndGlobal
